
Microsoft Visual Studio Solution File, Format Version 12.00
# Visual Studio Version 17
VisualStudioVersion = 17.7.34003.232
MinimumVisualStudioVersion = 10.0.40219.1
Project("{9A19103F-16F7-4668-BE54-9A1E7A4F7556}") = "CrudApi", "CrudApi\CrudApi.csproj", "{F1C5B3AA-B42F-421B-92F0-7F229EF7C802}"
EndProject
Project("{E53339B2-1760-4266-BCC7-CA923CBCF16C}") = "docker-compose", "docker-compose.dcproj", "{3C242684-D328-4A3E-A969-7AA6D004D98D}"
EndProject
Project("{FAE04EC0-301F-11D3-BF4B-00C04F79EFBC}") = "Crud.Data", "Crud.Data\Crud.Data.csproj", "{1D3EE0FA-4CBD-43F1-9AA9-144FE64D752A}"
EndProject
Project("{FAE04EC0-301F-11D3-BF4B-00C04F79EFBC}") = "Crud.Business", "Crud.Business\Crud.Business.csproj", "{1BE68D70-B144-4912-8FDC-75708F4350CE}"
EndProject
Project("{FAE04EC0-301F-11D3-BF4B-00C04F79EFBC}") = "Crud.DataTests", "Crud.DataTests\Crud.DataTests.csproj", "{008A20E4-6359-47C7-B880-8C6B91BC26D2}"
EndProject
Project("{FAE04EC0-301F-11D3-BF4B-00C04F79EFBC}") = "Crud.BusinessTests", "Crud.BusinessTests\Crud.BusinessTests.csproj", "{CAE5DF99-0859-4C5F-8768-8BE63C369C8C}"
EndProject
Global
	GlobalSection(SolutionConfigurationPlatforms) = preSolution
		Debug|Any CPU = Debug|Any CPU
		Release|Any CPU = Release|Any CPU
	EndGlobalSection
	GlobalSection(ProjectConfigurationPlatforms) = postSolution
		{F1C5B3AA-B42F-421B-92F0-7F229EF7C802}.Debug|Any CPU.ActiveCfg = Debug|Any CPU
		{F1C5B3AA-B42F-421B-92F0-7F229EF7C802}.Debug|Any CPU.Build.0 = Debug|Any CPU
		{F1C5B3AA-B42F-421B-92F0-7F229EF7C802}.Release|Any CPU.ActiveCfg = Release|Any CPU
		{F1C5B3AA-B42F-421B-92F0-7F229EF7C802}.Release|Any CPU.Build.0 = Release|Any CPU
		{3C242684-D328-4A3E-A969-7AA6D004D98D}.Debug|Any CPU.ActiveCfg = Debug|Any CPU
		{3C242684-D328-4A3E-A969-7AA6D004D98D}.Debug|Any CPU.Build.0 = Debug|Any CPU
		{3C242684-D328-4A3E-A969-7AA6D004D98D}.Release|Any CPU.ActiveCfg = Release|Any CPU
		{3C242684-D328-4A3E-A969-7AA6D004D98D}.Release|Any CPU.Build.0 = Release|Any CPU
		{1D3EE0FA-4CBD-43F1-9AA9-144FE64D752A}.Debug|Any CPU.ActiveCfg = Debug|Any CPU
		{1D3EE0FA-4CBD-43F1-9AA9-144FE64D752A}.Debug|Any CPU.Build.0 = Debug|Any CPU
		{1D3EE0FA-4CBD-43F1-9AA9-144FE64D752A}.Release|Any CPU.ActiveCfg = Release|Any CPU
		{1D3EE0FA-4CBD-43F1-9AA9-144FE64D752A}.Release|Any CPU.Build.0 = Release|Any CPU
		{1BE68D70-B144-4912-8FDC-75708F4350CE}.Debug|Any CPU.ActiveCfg = Debug|Any CPU
		{1BE68D70-B144-4912-8FDC-75708F4350CE}.Debug|Any CPU.Build.0 = Debug|Any CPU
		{1BE68D70-B144-4912-8FDC-75708F4350CE}.Release|Any CPU.ActiveCfg = Release|Any CPU
		{1BE68D70-B144-4912-8FDC-75708F4350CE}.Release|Any CPU.Build.0 = Release|Any CPU
		{008A20E4-6359-47C7-B880-8C6B91BC26D2}.Debug|Any CPU.ActiveCfg = Debug|Any CPU
		{008A20E4-6359-47C7-B880-8C6B91BC26D2}.Debug|Any CPU.Build.0 = Debug|Any CPU
		{008A20E4-6359-47C7-B880-8C6B91BC26D2}.Release|Any CPU.ActiveCfg = Release|Any CPU
		{008A20E4-6359-47C7-B880-8C6B91BC26D2}.Release|Any CPU.Build.0 = Release|Any CPU
		{CAE5DF99-0859-4C5F-8768-8BE63C369C8C}.Debug|Any CPU.ActiveCfg = Debug|Any CPU
		{CAE5DF99-0859-4C5F-8768-8BE63C369C8C}.Debug|Any CPU.Build.0 = Debug|Any CPU
		{CAE5DF99-0859-4C5F-8768-8BE63C369C8C}.Release|Any CPU.ActiveCfg = Release|Any CPU
		{CAE5DF99-0859-4C5F-8768-8BE63C369C8C}.Release|Any CPU.Build.0 = Release|Any CPU
	EndGlobalSection
	GlobalSection(SolutionProperties) = preSolution
		HideSolutionNode = FALSE
	EndGlobalSection
	GlobalSection(ExtensibilityGlobals) = postSolution
		SolutionGuid = {C1EACE9E-7BD0-41E4-9C2B-FE6BBE4C3B18}
	EndGlobalSection
EndGlobal
